
Microsoft Visual Studio Solution File, Format Version 12.00
# Visual Studio Version 16
VisualStudioVersion = 16.0.30011.22
MinimumVisualStudioVersion = 10.0.40219.1
Project("{FAE04EC0-301F-11D3-BF4B-00C04F79EFBC}") = "Stream_Reader", "Stream_Reader\Stream_Reader.csproj", "{6426CB0D-C895-4209-8EA2-290B4349D946}"
EndProject
Global
	GlobalSection(SolutionConfigurationPlatforms) = preSolution
		Debug|Any CPU = Debug|Any CPU
		Release|Any CPU = Release|Any CPU
	EndGlobalSection
	GlobalSection(ProjectConfigurationPlatforms) = postSolution
		{6426CB0D-C895-4209-8EA2-290B4349D946}.Debug|Any CPU.ActiveCfg = Debug|Any CPU
		{6426CB0D-C895-4209-8EA2-290B4349D946}.Debug|Any CPU.Build.0 = Debug|Any CPU
		{6426CB0D-C895-4209-8EA2-290B4349D946}.Release|Any CPU.ActiveCfg = Release|Any CPU
		{6426CB0D-C895-4209-8EA2-290B4349D946}.Release|Any CPU.Build.0 = Release|Any CPU
	EndGlobalSection
	GlobalSection(SolutionProperties) = preSolution
		HideSolutionNode = FALSE
	EndGlobalSection
	GlobalSection(ExtensibilityGlobals) = postSolution
		SolutionGuid = {E7E1C11E-1A65-48DC-A241-C319DA5553D7}
	EndGlobalSection
EndGlobal
