
Microsoft Visual Studio Solution File, Format Version 12.00
# Visual Studio 15
VisualStudioVersion = 15.0.28010.2016
MinimumVisualStudioVersion = 10.0.40219.1
Project("{FAE04EC0-301F-11D3-BF4B-00C04F79EFBC}") = "EF_Model_First", "EF_Model_First\EF_Model_First.csproj", "{33A3901D-7273-4EF4-BE51-C5752ADA0539}"
EndProject
Global
	GlobalSection(SolutionConfigurationPlatforms) = preSolution
		Debug|Any CPU = Debug|Any CPU
		Release|Any CPU = Release|Any CPU
	EndGlobalSection
	GlobalSection(ProjectConfigurationPlatforms) = postSolution
		{33A3901D-7273-4EF4-BE51-C5752ADA0539}.Debug|Any CPU.ActiveCfg = Debug|Any CPU
		{33A3901D-7273-4EF4-BE51-C5752ADA0539}.Debug|Any CPU.Build.0 = Debug|Any CPU
		{33A3901D-7273-4EF4-BE51-C5752ADA0539}.Release|Any CPU.ActiveCfg = Release|Any CPU
		{33A3901D-7273-4EF4-BE51-C5752ADA0539}.Release|Any CPU.Build.0 = Release|Any CPU
	EndGlobalSection
	GlobalSection(SolutionProperties) = preSolution
		HideSolutionNode = FALSE
	EndGlobalSection
	GlobalSection(ExtensibilityGlobals) = postSolution
		SolutionGuid = {56CCDD08-522B-4BEB-B066-44034F31813F}
	EndGlobalSection
EndGlobal
