
Microsoft Visual Studio Solution File, Format Version 12.00
# Visual Studio Version 16
VisualStudioVersion = 16.0.30011.22
MinimumVisualStudioVersion = 10.0.40219.1
Project("{FAE04EC0-301F-11D3-BF4B-00C04F79EFBC}") = "WD_StreamReader_Async", "WD_StreamReader_Async\WD_StreamReader_Async.csproj", "{E9067A17-537B-42B4-A29C-AB5B8070194C}"
EndProject
Global
	GlobalSection(SolutionConfigurationPlatforms) = preSolution
		Debug|Any CPU = Debug|Any CPU
		Release|Any CPU = Release|Any CPU
	EndGlobalSection
	GlobalSection(ProjectConfigurationPlatforms) = postSolution
		{E9067A17-537B-42B4-A29C-AB5B8070194C}.Debug|Any CPU.ActiveCfg = Debug|Any CPU
		{E9067A17-537B-42B4-A29C-AB5B8070194C}.Debug|Any CPU.Build.0 = Debug|Any CPU
		{E9067A17-537B-42B4-A29C-AB5B8070194C}.Release|Any CPU.ActiveCfg = Release|Any CPU
		{E9067A17-537B-42B4-A29C-AB5B8070194C}.Release|Any CPU.Build.0 = Release|Any CPU
	EndGlobalSection
	GlobalSection(SolutionProperties) = preSolution
		HideSolutionNode = FALSE
	EndGlobalSection
	GlobalSection(ExtensibilityGlobals) = postSolution
		SolutionGuid = {57C663D7-C0D9-4BEF-8C3A-399B8C584B49}
	EndGlobalSection
EndGlobal
