
Microsoft Visual Studio Solution File, Format Version 12.00
# Visual Studio 15
VisualStudioVersion = 15.0.28010.2041
MinimumVisualStudioVersion = 10.0.40219.1
Project("{FAE04EC0-301F-11D3-BF4B-00C04F79EFBC}") = "class_NetworkStream_server", "class_NetworkStream_server\class_NetworkStream_server.csproj", "{5308A70B-78E6-4121-91E8-EED1472CCDCF}"
EndProject
Global
	GlobalSection(SolutionConfigurationPlatforms) = preSolution
		Debug|Any CPU = Debug|Any CPU
		Release|Any CPU = Release|Any CPU
	EndGlobalSection
	GlobalSection(ProjectConfigurationPlatforms) = postSolution
		{5308A70B-78E6-4121-91E8-EED1472CCDCF}.Debug|Any CPU.ActiveCfg = Debug|Any CPU
		{5308A70B-78E6-4121-91E8-EED1472CCDCF}.Debug|Any CPU.Build.0 = Debug|Any CPU
		{5308A70B-78E6-4121-91E8-EED1472CCDCF}.Release|Any CPU.ActiveCfg = Release|Any CPU
		{5308A70B-78E6-4121-91E8-EED1472CCDCF}.Release|Any CPU.Build.0 = Release|Any CPU
	EndGlobalSection
	GlobalSection(SolutionProperties) = preSolution
		HideSolutionNode = FALSE
	EndGlobalSection
	GlobalSection(ExtensibilityGlobals) = postSolution
		SolutionGuid = {61CDEB80-EF8B-4A50-9F5E-2ECD10B2F916}
	EndGlobalSection
EndGlobal
