
Microsoft Visual Studio Solution File, Format Version 12.00
# Visual Studio Version 16
VisualStudioVersion = 16.0.30011.22
MinimumVisualStudioVersion = 10.0.40219.1
Project("{FAE04EC0-301F-11D3-BF4B-00C04F79EFBC}") = "Drive Example", "Drive Example\Drive Example.csproj", "{30DD6C3B-DD52-4046-9770-E70817027A47}"
EndProject
Global
	GlobalSection(SolutionConfigurationPlatforms) = preSolution
		Debug|Any CPU = Debug|Any CPU
		Release|Any CPU = Release|Any CPU
	EndGlobalSection
	GlobalSection(ProjectConfigurationPlatforms) = postSolution
		{30DD6C3B-DD52-4046-9770-E70817027A47}.Debug|Any CPU.ActiveCfg = Debug|Any CPU
		{30DD6C3B-DD52-4046-9770-E70817027A47}.Debug|Any CPU.Build.0 = Debug|Any CPU
		{30DD6C3B-DD52-4046-9770-E70817027A47}.Release|Any CPU.ActiveCfg = Release|Any CPU
		{30DD6C3B-DD52-4046-9770-E70817027A47}.Release|Any CPU.Build.0 = Release|Any CPU
	EndGlobalSection
	GlobalSection(SolutionProperties) = preSolution
		HideSolutionNode = FALSE
	EndGlobalSection
	GlobalSection(ExtensibilityGlobals) = postSolution
		SolutionGuid = {561D3C7E-0FDE-4FD9-BCAC-40409C94015F}
	EndGlobalSection
EndGlobal
