
Microsoft Visual Studio Solution File, Format Version 12.00
# Visual Studio 15
VisualStudioVersion = 15.0.28010.2016
MinimumVisualStudioVersion = 10.0.40219.1
Project("{FAE04EC0-301F-11D3-BF4B-00C04F79EFBC}") = "WebWCF", "WebWCF\WebWCF.csproj", "{6B43FCF8-D956-4E62-850C-D796A0EE84D7}"
EndProject
Project("{FAE04EC0-301F-11D3-BF4B-00C04F79EFBC}") = "WCF_Teste", "WCF_Teste\WCF_Teste.csproj", "{DB905BD6-044E-42C1-AC9F-3DAD13C976B2}"
	ProjectSection(ProjectDependencies) = postProject
		{6B43FCF8-D956-4E62-850C-D796A0EE84D7} = {6B43FCF8-D956-4E62-850C-D796A0EE84D7}
	EndProjectSection
EndProject
Project("{FAE04EC0-301F-11D3-BF4B-00C04F79EFBC}") = "WebIQuery", "WebIQuery\WebIQuery.csproj", "{0C996C6A-2B6D-4B50-B1CE-F738461A22F8}"
EndProject
Project("{FAE04EC0-301F-11D3-BF4B-00C04F79EFBC}") = "IQuery_Teste", "IQuery_Teste\IQuery_Teste.csproj", "{1A8A3CF4-5656-4DE2-A456-1BAB37BD3253}"
	ProjectSection(ProjectDependencies) = postProject
		{0C996C6A-2B6D-4B50-B1CE-F738461A22F8} = {0C996C6A-2B6D-4B50-B1CE-F738461A22F8}
	EndProjectSection
EndProject
Global
	GlobalSection(SolutionConfigurationPlatforms) = preSolution
		Debug|Any CPU = Debug|Any CPU
		Release|Any CPU = Release|Any CPU
	EndGlobalSection
	GlobalSection(ProjectConfigurationPlatforms) = postSolution
		{6B43FCF8-D956-4E62-850C-D796A0EE84D7}.Debug|Any CPU.ActiveCfg = Debug|Any CPU
		{6B43FCF8-D956-4E62-850C-D796A0EE84D7}.Debug|Any CPU.Build.0 = Debug|Any CPU
		{6B43FCF8-D956-4E62-850C-D796A0EE84D7}.Release|Any CPU.ActiveCfg = Release|Any CPU
		{6B43FCF8-D956-4E62-850C-D796A0EE84D7}.Release|Any CPU.Build.0 = Release|Any CPU
		{DB905BD6-044E-42C1-AC9F-3DAD13C976B2}.Debug|Any CPU.ActiveCfg = Debug|Any CPU
		{DB905BD6-044E-42C1-AC9F-3DAD13C976B2}.Debug|Any CPU.Build.0 = Debug|Any CPU
		{DB905BD6-044E-42C1-AC9F-3DAD13C976B2}.Release|Any CPU.ActiveCfg = Release|Any CPU
		{DB905BD6-044E-42C1-AC9F-3DAD13C976B2}.Release|Any CPU.Build.0 = Release|Any CPU
		{0C996C6A-2B6D-4B50-B1CE-F738461A22F8}.Debug|Any CPU.ActiveCfg = Debug|Any CPU
		{0C996C6A-2B6D-4B50-B1CE-F738461A22F8}.Debug|Any CPU.Build.0 = Debug|Any CPU
		{0C996C6A-2B6D-4B50-B1CE-F738461A22F8}.Release|Any CPU.ActiveCfg = Release|Any CPU
		{0C996C6A-2B6D-4B50-B1CE-F738461A22F8}.Release|Any CPU.Build.0 = Release|Any CPU
		{1A8A3CF4-5656-4DE2-A456-1BAB37BD3253}.Debug|Any CPU.ActiveCfg = Debug|Any CPU
		{1A8A3CF4-5656-4DE2-A456-1BAB37BD3253}.Debug|Any CPU.Build.0 = Debug|Any CPU
		{1A8A3CF4-5656-4DE2-A456-1BAB37BD3253}.Release|Any CPU.ActiveCfg = Release|Any CPU
		{1A8A3CF4-5656-4DE2-A456-1BAB37BD3253}.Release|Any CPU.Build.0 = Release|Any CPU
	EndGlobalSection
	GlobalSection(SolutionProperties) = preSolution
		HideSolutionNode = FALSE
	EndGlobalSection
	GlobalSection(ExtensibilityGlobals) = postSolution
		SolutionGuid = {BFC77B65-A8F8-47E5-8CC7-EFCE20090931}
	EndGlobalSection
EndGlobal
