
Microsoft Visual Studio Solution File, Format Version 12.00
# Visual Studio 15
VisualStudioVersion = 15.0.28010.2041
MinimumVisualStudioVersion = 10.0.40219.1
Project("{FAE04EC0-301F-11D3-BF4B-00C04F79EFBC}") = "class_Stream", "class_Stream\class_Stream.csproj", "{5ED01464-AF49-4A16-91F7-1F8BC33C7485}"
EndProject
Global
	GlobalSection(SolutionConfigurationPlatforms) = preSolution
		Debug|Any CPU = Debug|Any CPU
		Release|Any CPU = Release|Any CPU
	EndGlobalSection
	GlobalSection(ProjectConfigurationPlatforms) = postSolution
		{5ED01464-AF49-4A16-91F7-1F8BC33C7485}.Debug|Any CPU.ActiveCfg = Debug|Any CPU
		{5ED01464-AF49-4A16-91F7-1F8BC33C7485}.Debug|Any CPU.Build.0 = Debug|Any CPU
		{5ED01464-AF49-4A16-91F7-1F8BC33C7485}.Release|Any CPU.ActiveCfg = Release|Any CPU
		{5ED01464-AF49-4A16-91F7-1F8BC33C7485}.Release|Any CPU.Build.0 = Release|Any CPU
	EndGlobalSection
	GlobalSection(SolutionProperties) = preSolution
		HideSolutionNode = FALSE
	EndGlobalSection
	GlobalSection(ExtensibilityGlobals) = postSolution
		SolutionGuid = {B7E57C2E-143F-476E-98CE-0DAA98743B3B}
	EndGlobalSection
EndGlobal
