
Microsoft Visual Studio Solution File, Format Version 12.00
# Visual Studio 15
VisualStudioVersion = 15.0.28010.2016
MinimumVisualStudioVersion = 10.0.40219.1
Project("{FAE04EC0-301F-11D3-BF4B-00C04F79EFBC}") = "CopiaRasa", "CopiaRasa\CopiaRasa.csproj", "{27107E41-5D01-456C-8D27-5710D81CE0F8}"
EndProject
Global
	GlobalSection(SolutionConfigurationPlatforms) = preSolution
		Debug|Any CPU = Debug|Any CPU
		Release|Any CPU = Release|Any CPU
	EndGlobalSection
	GlobalSection(ProjectConfigurationPlatforms) = postSolution
		{27107E41-5D01-456C-8D27-5710D81CE0F8}.Debug|Any CPU.ActiveCfg = Debug|Any CPU
		{27107E41-5D01-456C-8D27-5710D81CE0F8}.Debug|Any CPU.Build.0 = Debug|Any CPU
		{27107E41-5D01-456C-8D27-5710D81CE0F8}.Release|Any CPU.ActiveCfg = Release|Any CPU
		{27107E41-5D01-456C-8D27-5710D81CE0F8}.Release|Any CPU.Build.0 = Release|Any CPU
	EndGlobalSection
	GlobalSection(SolutionProperties) = preSolution
		HideSolutionNode = FALSE
	EndGlobalSection
	GlobalSection(ExtensibilityGlobals) = postSolution
		SolutionGuid = {2987A9FA-BE7A-45AE-A04E-0D73D933CECA}
	EndGlobalSection
EndGlobal
