
Microsoft Visual Studio Solution File, Format Version 12.00
# Visual Studio 15
VisualStudioVersion = 15.0.28010.2016
MinimumVisualStudioVersion = 10.0.40219.1
Project("{FAE04EC0-301F-11D3-BF4B-00C04F79EFBC}") = "UsingLINQ", "UsingLINQ\UsingLINQ.csproj", "{9E99B61D-83FD-4D45-A3CD-03DE444E4B23}"
EndProject
Global
	GlobalSection(SolutionConfigurationPlatforms) = preSolution
		Debug|Any CPU = Debug|Any CPU
		Release|Any CPU = Release|Any CPU
	EndGlobalSection
	GlobalSection(ProjectConfigurationPlatforms) = postSolution
		{9E99B61D-83FD-4D45-A3CD-03DE444E4B23}.Debug|Any CPU.ActiveCfg = Debug|Any CPU
		{9E99B61D-83FD-4D45-A3CD-03DE444E4B23}.Debug|Any CPU.Build.0 = Debug|Any CPU
		{9E99B61D-83FD-4D45-A3CD-03DE444E4B23}.Release|Any CPU.ActiveCfg = Release|Any CPU
		{9E99B61D-83FD-4D45-A3CD-03DE444E4B23}.Release|Any CPU.Build.0 = Release|Any CPU
	EndGlobalSection
	GlobalSection(SolutionProperties) = preSolution
		HideSolutionNode = FALSE
	EndGlobalSection
	GlobalSection(ExtensibilityGlobals) = postSolution
		SolutionGuid = {0F63044D-4193-4A3C-9098-6C13662831BF}
	EndGlobalSection
EndGlobal
