
Microsoft Visual Studio Solution File, Format Version 12.00
# Visual Studio Version 16
VisualStudioVersion = 16.0.30011.22
MinimumVisualStudioVersion = 10.0.40219.1
Project("{FAE04EC0-301F-11D3-BF4B-00C04F79EFBC}") = "Diretory_Tree", "Diretory_Tree\Diretory_Tree.csproj", "{85E8EBEE-6090-4E45-85C8-A9A8E9FFCB5B}"
EndProject
Global
	GlobalSection(SolutionConfigurationPlatforms) = preSolution
		Debug|Any CPU = Debug|Any CPU
		Release|Any CPU = Release|Any CPU
	EndGlobalSection
	GlobalSection(ProjectConfigurationPlatforms) = postSolution
		{85E8EBEE-6090-4E45-85C8-A9A8E9FFCB5B}.Debug|Any CPU.ActiveCfg = Debug|Any CPU
		{85E8EBEE-6090-4E45-85C8-A9A8E9FFCB5B}.Debug|Any CPU.Build.0 = Debug|Any CPU
		{85E8EBEE-6090-4E45-85C8-A9A8E9FFCB5B}.Release|Any CPU.ActiveCfg = Release|Any CPU
		{85E8EBEE-6090-4E45-85C8-A9A8E9FFCB5B}.Release|Any CPU.Build.0 = Release|Any CPU
	EndGlobalSection
	GlobalSection(SolutionProperties) = preSolution
		HideSolutionNode = FALSE
	EndGlobalSection
	GlobalSection(ExtensibilityGlobals) = postSolution
		SolutionGuid = {9F73D061-F069-43EB-8563-EB35B9A299D3}
	EndGlobalSection
EndGlobal
