
Microsoft Visual Studio Solution File, Format Version 12.00
# Visual Studio 15
VisualStudioVersion = 15.0.28010.2016
MinimumVisualStudioVersion = 10.0.40219.1
Project("{FAE04EC0-301F-11D3-BF4B-00C04F79EFBC}") = "Using_ORM", "Using_ORM\Using_ORM.csproj", "{BD5BA0A6-E7E7-49C7-A9AD-62537050B28A}"
EndProject
Global
	GlobalSection(SolutionConfigurationPlatforms) = preSolution
		Debug|Any CPU = Debug|Any CPU
		Release|Any CPU = Release|Any CPU
	EndGlobalSection
	GlobalSection(ProjectConfigurationPlatforms) = postSolution
		{BD5BA0A6-E7E7-49C7-A9AD-62537050B28A}.Debug|Any CPU.ActiveCfg = Debug|Any CPU
		{BD5BA0A6-E7E7-49C7-A9AD-62537050B28A}.Debug|Any CPU.Build.0 = Debug|Any CPU
		{BD5BA0A6-E7E7-49C7-A9AD-62537050B28A}.Release|Any CPU.ActiveCfg = Release|Any CPU
		{BD5BA0A6-E7E7-49C7-A9AD-62537050B28A}.Release|Any CPU.Build.0 = Release|Any CPU
	EndGlobalSection
	GlobalSection(SolutionProperties) = preSolution
		HideSolutionNode = FALSE
	EndGlobalSection
	GlobalSection(ExtensibilityGlobals) = postSolution
		SolutionGuid = {99038537-8C3B-41CD-BE8A-516D63F2109E}
	EndGlobalSection
EndGlobal
