
Microsoft Visual Studio Solution File, Format Version 12.00
# Visual Studio Version 16
VisualStudioVersion = 16.0.30011.22
MinimumVisualStudioVersion = 10.0.40219.1
Project("{FAE04EC0-301F-11D3-BF4B-00C04F79EFBC}") = "GetEncoding", "GetEncoding\GetEncoding.csproj", "{CEC180EA-95B6-436B-9D44-075AD2F18461}"
EndProject
Global
	GlobalSection(SolutionConfigurationPlatforms) = preSolution
		Debug|Any CPU = Debug|Any CPU
		Release|Any CPU = Release|Any CPU
	EndGlobalSection
	GlobalSection(ProjectConfigurationPlatforms) = postSolution
		{CEC180EA-95B6-436B-9D44-075AD2F18461}.Debug|Any CPU.ActiveCfg = Debug|Any CPU
		{CEC180EA-95B6-436B-9D44-075AD2F18461}.Debug|Any CPU.Build.0 = Debug|Any CPU
		{CEC180EA-95B6-436B-9D44-075AD2F18461}.Release|Any CPU.ActiveCfg = Release|Any CPU
		{CEC180EA-95B6-436B-9D44-075AD2F18461}.Release|Any CPU.Build.0 = Release|Any CPU
	EndGlobalSection
	GlobalSection(SolutionProperties) = preSolution
		HideSolutionNode = FALSE
	EndGlobalSection
	GlobalSection(ExtensibilityGlobals) = postSolution
		SolutionGuid = {F612F424-4CA8-4051-B0BB-659583860B2E}
	EndGlobalSection
EndGlobal
