
Microsoft Visual Studio Solution File, Format Version 12.00
# Visual Studio 15
VisualStudioVersion = 15.0.28010.2016
MinimumVisualStudioVersion = 10.0.40219.1
Project("{FAE04EC0-301F-11D3-BF4B-00C04F79EFBC}") = "ExecuteScalar Example", "ExecuteScalar Example\ExecuteScalar Example.csproj", "{FAC7F732-1B59-4893-893E-A4333EF3FA55}"
EndProject
Global
	GlobalSection(SolutionConfigurationPlatforms) = preSolution
		Debug|Any CPU = Debug|Any CPU
		Release|Any CPU = Release|Any CPU
	EndGlobalSection
	GlobalSection(ProjectConfigurationPlatforms) = postSolution
		{FAC7F732-1B59-4893-893E-A4333EF3FA55}.Debug|Any CPU.ActiveCfg = Debug|Any CPU
		{FAC7F732-1B59-4893-893E-A4333EF3FA55}.Debug|Any CPU.Build.0 = Debug|Any CPU
		{FAC7F732-1B59-4893-893E-A4333EF3FA55}.Release|Any CPU.ActiveCfg = Release|Any CPU
		{FAC7F732-1B59-4893-893E-A4333EF3FA55}.Release|Any CPU.Build.0 = Release|Any CPU
	EndGlobalSection
	GlobalSection(SolutionProperties) = preSolution
		HideSolutionNode = FALSE
	EndGlobalSection
	GlobalSection(ExtensibilityGlobals) = postSolution
		SolutionGuid = {C792E6FE-506B-42C8-870E-12B4855DB0C5}
	EndGlobalSection
EndGlobal
